// !$*UTF8*$!
{
	archiveVersion = 1;
	classes = {
	};
	objectVersion = 50;
	objects = {

/* Begin PBXBuildFile section */
		11B39FEA239F38CE00B2FCEB /* AppDelegate.swift in Sources */ = {isa = PBXBuildFile; fileRef = 11B39FE9239F38CE00B2FCEB /* AppDelegate.swift */; };
		11B39FF3239F38D000B2FCEB /* Assets.xcassets in Resources */ = {isa = PBXBuildFile; fileRef = 11B39FF2239F38D000B2FCEB /* Assets.xcassets */; };
		11B39FF6239F38D000B2FCEB /* LaunchScreen.storyboard in Resources */ = {isa = PBXBuildFile; fileRef = 11B39FF4239F38D000B2FCEB /* LaunchScreen.storyboard */; };
		11B3A002239F3B0C00B2FCEB /* Main.storyboard in Resources */ = {isa = PBXBuildFile; fileRef = 11B3A001239F3B0C00B2FCEB /* Main.storyboard */; };
		11B3A004239F3B4B00B2FCEB /* MainViewController.swift in Sources */ = {isa = PBXBuildFile; fileRef = 11B3A003239F3B4B00B2FCEB /* MainViewController.swift */; };
		11B3A006239F3BFE00B2FCEB /* CashbackViewController.swift in Sources */ = {isa = PBXBuildFile; fileRef = 11B3A005239F3BFE00B2FCEB /* CashbackViewController.swift */; };
/* End PBXBuildFile section */

/* Begin PBXFileReference section */
		11B39FE6239F38CE00B2FCEB /* cashbagB2BExcample.app */ = {isa = PBXFileReference; explicitFileType = wrapper.application; includeInIndex = 0; path = cashbagB2BExcample.app; sourceTree = BUILT_PRODUCTS_DIR; };
		11B39FE9239F38CE00B2FCEB /* AppDelegate.swift */ = {isa = PBXFileReference; lastKnownFileType = sourcecode.swift; path = AppDelegate.swift; sourceTree = "<group>"; };
		11B39FF2239F38D000B2FCEB /* Assets.xcassets */ = {isa = PBXFileReference; lastKnownFileType = folder.assetcatalog; path = Assets.xcassets; sourceTree = "<group>"; };
		11B39FF5239F38D000B2FCEB /* Base */ = {isa = PBXFileReference; lastKnownFileType = file.storyboard; name = Base; path = Base.lproj/LaunchScreen.storyboard; sourceTree = "<group>"; };
		11B39FF7239F38D000B2FCEB /* Info.plist */ = {isa = PBXFileReference; lastKnownFileType = text.plist.xml; path = Info.plist; sourceTree = "<group>"; };
		11B3A001239F3B0C00B2FCEB /* Main.storyboard */ = {isa = PBXFileReference; lastKnownFileType = file.storyboard; path = Main.storyboard; sourceTree = "<group>"; };
		11B3A003239F3B4B00B2FCEB /* MainViewController.swift */ = {isa = PBXFileReference; lastKnownFileType = sourcecode.swift; path = MainViewController.swift; sourceTree = "<group>"; };
		11B3A005239F3BFE00B2FCEB /* CashbackViewController.swift */ = {isa = PBXFileReference; lastKnownFileType = sourcecode.swift; path = CashbackViewController.swift; sourceTree = "<group>"; };
/* End PBXFileReference section */

/* Begin PBXFrameworksBuildPhase section */
		11B39FE3239F38CE00B2FCEB /* Frameworks */ = {
			isa = PBXFrameworksBuildPhase;
			buildActionMask = 2147483647;
			files = (
			);
			runOnlyForDeploymentPostprocessing = 0;
		};
/* End PBXFrameworksBuildPhase section */

/* Begin PBXGroup section */
		11B39FDD239F38CD00B2FCEB = {
			isa = PBXGroup;
			children = (
				11B39FE8239F38CE00B2FCEB /* cashbagB2BExcample */,
				11B39FE7239F38CE00B2FCEB /* Products */,
			);
			sourceTree = "<group>";
		};
		11B39FE7239F38CE00B2FCEB /* Products */ = {
			isa = PBXGroup;
			children = (
				11B39FE6239F38CE00B2FCEB /* cashbagB2BExcample.app */,
			);
			name = Products;
			sourceTree = "<group>";
		};
		11B39FE8239F38CE00B2FCEB /* cashbagB2BExcample */ = {
			isa = PBXGroup;
			children = (
				11B39FE9239F38CE00B2FCEB /* AppDelegate.swift */,
				11B3A003239F3B4B00B2FCEB /* MainViewController.swift */,
				11B3A005239F3BFE00B2FCEB /* CashbackViewController.swift */,
				11B39FF2239F38D000B2FCEB /* Assets.xcassets */,
				11B3A001239F3B0C00B2FCEB /* Main.storyboard */,
				11B39FF4239F38D000B2FCEB /* LaunchScreen.storyboard */,
				11B39FF7239F38D000B2FCEB /* Info.plist */,
			);
			path = cashbagB2BExcample;
			sourceTree = "<group>";
		};
/* End PBXGroup section */

/* Begin PBXNativeTarget section */
		11B39FE5239F38CE00B2FCEB /* cashbagB2BExcample */ = {
			isa = PBXNativeTarget;
			buildConfigurationList = 11B39FFA239F38D000B2FCEB /* Build configuration list for PBXNativeTarget "cashbagB2BExcample" */;
			buildPhases = (
				11B39FE2239F38CE00B2FCEB /* Sources */,
				11B39FE3239F38CE00B2FCEB /* Frameworks */,
				11B39FE4239F38CE00B2FCEB /* Resources */,
			);
			buildRules = (
			);
			dependencies = (
			);
			name = cashbagB2BExcample;
			productName = cashbagB2BExcample;
			productReference = 11B39FE6239F38CE00B2FCEB /* cashbagB2BExcample.app */;
			productType = "com.apple.product-type.application";
		};
/* End PBXNativeTarget section */

/* Begin PBXProject section */
		11B39FDE239F38CD00B2FCEB /* Project object */ = {
			isa = PBXProject;
			attributes = {
				LastSwiftUpdateCheck = 1120;
				LastUpgradeCheck = 1120;
				ORGANIZATIONNAME = "Minh Truong";
				TargetAttributes = {
					11B39FE5239F38CE00B2FCEB = {
						CreatedOnToolsVersion = 11.2.1;
					};
				};
			};
			buildConfigurationList = 11B39FE1239F38CD00B2FCEB /* Build configuration list for PBXProject "cashbagB2BExcample" */;
			compatibilityVersion = "Xcode 9.3";
			developmentRegion = en;
			hasScannedForEncodings = 0;
			knownRegions = (
				en,
				Base,
			);
			mainGroup = 11B39FDD239F38CD00B2FCEB;
			productRefGroup = 11B39FE7239F38CE00B2FCEB /* Products */;
			projectDirPath = "";
			projectRoot = "";
			targets = (
				11B39FE5239F38CE00B2FCEB /* cashbagB2BExcample */,
			);
		};
/* End PBXProject section */

/* Begin PBXResourcesBuildPhase section */
		11B39FE4239F38CE00B2FCEB /* Resources */ = {
			isa = PBXResourcesBuildPhase;
			buildActionMask = 2147483647;
			files = (
				11B3A002239F3B0C00B2FCEB /* Main.storyboard in Resources */,
				11B39FF6239F38D000B2FCEB /* LaunchScreen.storyboard in Resources */,
				11B39FF3239F38D000B2FCEB /* Assets.xcassets in Resources */,
			);
			runOnlyForDeploymentPostprocessing = 0;
		};
/* End PBXResourcesBuildPhase section */

/* Begin PBXSourcesBuildPhase section */
		11B39FE2239F38CE00B2FCEB /* Sources */ = {
			isa = PBXSourcesBuildPhase;
			buildActionMask = 2147483647;
			files = (
				11B3A004239F3B4B00B2FCEB /* MainViewController.swift in Sources */,
				11B39FEA239F38CE00B2FCEB /* AppDelegate.swift in Sources */,
				11B3A006239F3BFE00B2FCEB /* CashbackViewController.swift in Sources */,
			);
			runOnlyForDeploymentPostprocessing = 0;
		};
/* End PBXSourcesBuildPhase section */

/* Begin PBXVariantGroup section */
		11B39FF4239F38D000B2FCEB /* LaunchScreen.storyboard */ = {
			isa = PBXVariantGroup;
			children = (
				11B39FF5239F38D000B2FCEB /* Base */,
			);
			name = LaunchScreen.storyboard;
			sourceTree = "<group>";
		};
/* End PBXVariantGroup section */

/* Begin XCBuildConfiguration section */
		11B39FF8239F38D000B2FCEB /* Debug */ = {
			isa = XCBuildConfiguration;
			buildSettings = {
				ALWAYS_SEARCH_USER_PATHS = NO;
				CLANG_ANALYZER_NONNULL = YES;
				CLANG_ANALYZER_NUMBER_OBJECT_CONVERSION = YES_AGGRESSIVE;
				CLANG_CXX_LANGUAGE_STANDARD = "gnu++14";
				CLANG_CXX_LIBRARY = "libc++";
				CLANG_ENABLE_MODULES = YES;
				CLANG_ENABLE_OBJC_ARC = YES;
				CLANG_ENABLE_OBJC_WEAK = YES;
				CLANG_WARN_BLOCK_CAPTURE_AUTORELEASING = YES;
				CLANG_WARN_BOOL_CONVERSION = YES;
				CLANG_WARN_COMMA = YES;
				CLANG_WARN_CONSTANT_CONVERSION = YES;
				CLANG_WARN_DEPRECATED_OBJC_IMPLEMENTATIONS = YES;
				CLANG_WARN_DIRECT_OBJC_ISA_USAGE = YES_ERROR;
				CLANG_WARN_DOCUMENTATION_COMMENTS = YES;
				CLANG_WARN_EMPTY_BODY = YES;
				CLANG_WARN_ENUM_CONVERSION = YES;
				CLANG_WARN_INFINITE_RECURSION = YES;
				CLANG_WARN_INT_CONVERSION = YES;
				CLANG_WARN_NON_LITERAL_NULL_CONVERSION = YES;
				CLANG_WARN_OBJC_IMPLICIT_RETAIN_SELF = YES;
				CLANG_WARN_OBJC_LITERAL_CONVERSION = YES;
				CLANG_WARN_OBJC_ROOT_CLASS = YES_ERROR;
				CLANG_WARN_RANGE_LOOP_ANALYSIS = YES;
				CLANG_WARN_STRICT_PROTOTYPES = YES;
				CLANG_WARN_SUSPICIOUS_MOVE = YES;
				CLANG_WARN_UNGUARDED_AVAILABILITY = YES_AGGRESSIVE;
				CLANG_WARN_UNREACHABLE_CODE = YES;
				CLANG_WARN__DUPLICATE_METHOD_MATCH = YES;
				COPY_PHASE_STRIP = NO;
				DEBUG_INFORMATION_FORMAT = dwarf;
				ENABLE_STRICT_OBJC_MSGSEND = YES;
				ENABLE_TESTABILITY = YES;
				GCC_C_LANGUAGE_STANDARD = gnu11;
				GCC_DYNAMIC_NO_PIC = NO;
				GCC_NO_COMMON_BLOCKS = YES;
				GCC_OPTIMIZATION_LEVEL = 0;
				GCC_PREPROCESSOR_DEFINITIONS = (
					"DEBUG=1",
					"$(inherited)",
				);
				GCC_WARN_64_TO_32_BIT_CONVERSION = YES;
				GCC_WARN_ABOUT_RETURN_TYPE = YES_ERROR;
				GCC_WARN_UNDECLARED_SELECTOR = YES;
				GCC_WARN_UNINITIALIZED_AUTOS = YES_AGGRESSIVE;
				GCC_WARN_UNUSED_FUNCTION = YES;
				GCC_WARN_UNUSED_VARIABLE = YES;
				IPHONEOS_DEPLOYMENT_TARGET = 13.2;
				MTL_ENABLE_DEBUG_INFO = INCLUDE_SOURCE;
				MTL_FAST_MATH = YES;
				ONLY_ACTIVE_ARCH = YES;
				SDKROOT = iphoneos;
				SWIFT_ACTIVE_COMPILATION_CONDITIONS = DEBUG;
				SWIFT_OPTIMIZATION_LEVEL = "-Onone";
			};
			name = Debug;
		};
		11B39FF9239F38D000B2FCEB /* Release */ = {
			isa = XCBuildConfiguration;
			buildSettings = {
				ALWAYS_SEARCH_USER_PATHS = NO;
				CLANG_ANALYZER_NONNULL = YES;
				CLANG_ANALYZER_NUMBER_OBJECT_CONVERSION = YES_AGGRESSIVE;
				CLANG_CXX_LANGUAGE_STANDARD = "gnu++14";
				CLANG_CXX_LIBRARY = "libc++";
				CLANG_ENABLE_MODULES = YES;
				CLANG_ENABLE_OBJC_ARC = YES;
				CLANG_ENABLE_OBJC_WEAK = YES;
				CLANG_WARN_BLOCK_CAPTURE_AUTORELEASING = YES;
				CLANG_WARN_BOOL_CONVERSION = YES;
				CLANG_WARN_COMMA = YES;
				CLANG_WARN_CONSTANT_CONVERSION = YES;
				CLANG_WARN_DEPRECATED_OBJC_IMPLEMENTATIONS = YES;
				CLANG_WARN_DIRECT_OBJC_ISA_USAGE = YES_ERROR;
				CLANG_WARN_DOCUMENTATION_COMMENTS = YES;
				CLANG_WARN_EMPTY_BODY = YES;
				CLANG_WARN_ENUM_CONVERSION = YES;
				CLANG_WARN_INFINITE_RECURSION = YES;
				CLANG_WARN_INT_CONVERSION = YES;
				CLANG_WARN_NON_LITERAL_NULL_CONVERSION = YES;
				CLANG_WARN_OBJC_IMPLICIT_RETAIN_SELF = YES;
				CLANG_WARN_OBJC_LITERAL_CONVERSION = YES;
				CLANG_WARN_OBJC_ROOT_CLASS = YES_ERROR;
				CLANG_WARN_RANGE_LOOP_ANALYSIS = YES;
				CLANG_WARN_STRICT_PROTOTYPES = YES;
				CLANG_WARN_SUSPICIOUS_MOVE = YES;
				CLANG_WARN_UNGUARDED_AVAILABILITY = YES_AGGRESSIVE;
				CLANG_WARN_UNREACHABLE_CODE = YES;
				CLANG_WARN__DUPLICATE_METHOD_MATCH = YES;
				COPY_PHASE_STRIP = NO;
				DEBUG_INFORMATION_FORMAT = "dwarf-with-dsym";
				ENABLE_NS_ASSERTIONS = NO;
				ENABLE_STRICT_OBJC_MSGSEND = YES;
				GCC_C_LANGUAGE_STANDARD = gnu11;
				GCC_NO_COMMON_BLOCKS = YES;
				GCC_WARN_64_TO_32_BIT_CONVERSION = YES;
				GCC_WARN_ABOUT_RETURN_TYPE = YES_ERROR;
				GCC_WARN_UNDECLARED_SELECTOR = YES;
				GCC_WARN_UNINITIALIZED_AUTOS = YES_AGGRESSIVE;
				GCC_WARN_UNUSED_FUNCTION = YES;
				GCC_WARN_UNUSED_VARIABLE = YES;
				IPHONEOS_DEPLOYMENT_TARGET = 13.2;
				MTL_ENABLE_DEBUG_INFO = NO;
				MTL_FAST_MATH = YES;
				SDKROOT = iphoneos;
				SWIFT_COMPILATION_MODE = wholemodule;
				SWIFT_OPTIMIZATION_LEVEL = "-O";
				VALIDATE_PRODUCT = YES;
			};
			name = Release;
		};
		11B39FFB239F38D000B2FCEB /* Debug */ = {
			isa = XCBuildConfiguration;
			buildSettings = {
				ASSETCATALOG_COMPILER_APPICON_NAME = AppIcon;
				CODE_SIGN_STYLE = Automatic;
				DEVELOPMENT_TEAM = HLEAQ29DKD;
				INFOPLIST_FILE = cashbagB2BExcample/Info.plist;
				IPHONEOS_DEPLOYMENT_TARGET = 10.0;
				LD_RUNPATH_SEARCH_PATHS = (
					"$(inherited)",
					"@executable_path/Frameworks",
				);
				PRODUCT_BUNDLE_IDENTIFIER = com.cashbag.cashbagB2BExcample;
				PRODUCT_NAME = "$(TARGET_NAME)";
				SWIFT_VERSION = 5.0;
				TARGETED_DEVICE_FAMILY = "1,2";
			};
			name = Debug;
		};
		11B39FFC239F38D000B2FCEB /* Release */ = {
			isa = XCBuildConfiguration;
			buildSettings = {
				ASSETCATALOG_COMPILER_APPICON_NAME = AppIcon;
				CODE_SIGN_STYLE = Automatic;
				DEVELOPMENT_TEAM = HLEAQ29DKD;
				INFOPLIST_FILE = cashbagB2BExcample/Info.plist;
				IPHONEOS_DEPLOYMENT_TARGET = 10.0;
				LD_RUNPATH_SEARCH_PATHS = (
					"$(inherited)",
					"@executable_path/Frameworks",
				);
				PRODUCT_BUNDLE_IDENTIFIER = com.cashbag.cashbagB2BExcample;
				PRODUCT_NAME = "$(TARGET_NAME)";
				SWIFT_VERSION = 5.0;
				TARGETED_DEVICE_FAMILY = "1,2";
			};
			name = Release;
		};
/* End XCBuildConfiguration section */

/* Begin XCConfigurationList section */
		11B39FE1239F38CD00B2FCEB /* Build configuration list for PBXProject "cashbagB2BExcample" */ = {
			isa = XCConfigurationList;
			buildConfigurations = (
				11B39FF8239F38D000B2FCEB /* Debug */,
				11B39FF9239F38D000B2FCEB /* Release */,
			);
			defaultConfigurationIsVisible = 0;
			defaultConfigurationName = Release;
		};
		11B39FFA239F38D000B2FCEB /* Build configuration list for PBXNativeTarget "cashbagB2BExcample" */ = {
			isa = XCConfigurationList;
			buildConfigurations = (
				11B39FFB239F38D000B2FCEB /* Debug */,
				11B39FFC239F38D000B2FCEB /* Release */,
			);
			defaultConfigurationIsVisible = 0;
			defaultConfigurationName = Release;
		};
/* End XCConfigurationList section */
	};
	rootObject = 11B39FDE239F38CD00B2FCEB /* Project object */;
}
